
Microsoft Visual Studio Solution File, Format Version 12.00
# Visual Studio 15
VisualStudioVersion = 15.0.28307.645
MinimumVisualStudioVersion = 10.0.40219.1
Project("{8BC9CEB8-8B4A-11D0-8D11-00A0C91BC942}") = "um_qt", "um_qt.vcxproj", "{B7851901-B55B-349A-AAC4-1EC719413526}"
EndProject
Global
	GlobalSection(SolutionConfigurationPlatforms) = preSolution
		Debug|x64 = Debug|x64
		Release|x64 = Release|x64
	EndGlobalSection
	GlobalSection(ProjectConfigurationPlatforms) = postSolution
		{B7851901-B55B-349A-AAC4-1EC719413526}.Debug|x64.ActiveCfg = Debug|x64
		{B7851901-B55B-349A-AAC4-1EC719413526}.Debug|x64.Build.0 = Debug|x64
		{B7851901-B55B-349A-AAC4-1EC719413526}.Release|x64.ActiveCfg = Release|x64
		{B7851901-B55B-349A-AAC4-1EC719413526}.Release|x64.Build.0 = Release|x64
	EndGlobalSection
	GlobalSection(SolutionProperties) = preSolution
		HideSolutionNode = FALSE
	EndGlobalSection
	GlobalSection(ExtensibilityGlobals) = postSolution
		SolutionGuid = {44324282-ED82-49DC-ABB2-0E0A6936BD63}
	EndGlobalSection
EndGlobal
